
Microsoft Visual Studio Solution File, Format Version 12.00
# Visual Studio Version 16
VisualStudioVersion = 16.0.29020.237
MinimumVisualStudioVersion = 10.0.40219.1
Project("{FAE04EC0-301F-11D3-BF4B-00C04F79EFBC}") = "wf_foh100 demotool_release", "wf_foh100 demotool_release.csproj", "{69C611CC-B969-409B-B0FB-AEAEC360F6BC}"
EndProject
Project("{FAE04EC0-301F-11D3-BF4B-00C04F79EFBC}") = "wf_usercontrols_splitcontainer", "..\wf_usercontrols_splitcontainer\wf_usercontrols_splitcontainer.csproj", "{DEE8117C-B586-4E5F-AB03-27C361693856}"
EndProject
Global
	GlobalSection(SolutionConfigurationPlatforms) = preSolution
		Debug|Any CPU = Debug|Any CPU
		Release|Any CPU = Release|Any CPU
	EndGlobalSection
	GlobalSection(ProjectConfigurationPlatforms) = postSolution
		{69C611CC-B969-409B-B0FB-AEAEC360F6BC}.Debug|Any CPU.ActiveCfg = Debug|Any CPU
		{69C611CC-B969-409B-B0FB-AEAEC360F6BC}.Debug|Any CPU.Build.0 = Debug|Any CPU
		{69C611CC-B969-409B-B0FB-AEAEC360F6BC}.Release|Any CPU.ActiveCfg = Release|Any CPU
		{69C611CC-B969-409B-B0FB-AEAEC360F6BC}.Release|Any CPU.Build.0 = Release|Any CPU
		{DEE8117C-B586-4E5F-AB03-27C361693856}.Debug|Any CPU.ActiveCfg = Debug|Any CPU
		{DEE8117C-B586-4E5F-AB03-27C361693856}.Debug|Any CPU.Build.0 = Debug|Any CPU
		{DEE8117C-B586-4E5F-AB03-27C361693856}.Release|Any CPU.ActiveCfg = Release|Any CPU
		{DEE8117C-B586-4E5F-AB03-27C361693856}.Release|Any CPU.Build.0 = Release|Any CPU
	EndGlobalSection
	GlobalSection(SolutionProperties) = preSolution
		HideSolutionNode = FALSE
	EndGlobalSection
	GlobalSection(ExtensibilityGlobals) = postSolution
		SolutionGuid = {78AE12C3-2A4C-4A12-BDEB-8933D46EC493}
	EndGlobalSection
EndGlobal
